# This file is automatically @generated by Cargo.
# It is not intended for manual editing.
[[package]]
name = "async-channel"
version = "1.4.0"
source = "registry+https://github.com/rust-lang/crates.io-index"
dependencies = [
 "concurrent-queue 1.2.0 (registry+https://github.com/rust-lang/crates.io-index)",
 "event-listener 2.3.0 (registry+https://github.com/rust-lang/crates.io-index)",
 "futures-core 0.3.5 (registry+https://github.com/rust-lang/crates.io-index)",
]

[[package]]
name = "async-std"
version = "1.6.2"
source = "registry+https://github.com/rust-lang/crates.io-index"
dependencies = [
 "async-task 3.0.0 (registry+https://github.com/rust-lang/crates.io-index)",
 "crossbeam-utils 0.7.2 (registry+https://github.com/rust-lang/crates.io-index)",
 "futures-channel 0.3.5 (registry+https://github.com/rust-lang/crates.io-index)",
 "futures-core 0.3.5 (registry+https://github.com/rust-lang/crates.io-index)",
 "futures-io 0.3.5 (registry+https://github.com/rust-lang/crates.io-index)",
 "kv-log-macro 1.0.7 (registry+https://github.com/rust-lang/crates.io-index)",
 "log 0.4.11 (registry+https://github.com/rust-lang/crates.io-index)",
 "memchr 2.3.3 (registry+https://github.com/rust-lang/crates.io-index)",
 "num_cpus 1.13.0 (registry+https://github.com/rust-lang/crates.io-index)",
 "once_cell 1.4.0 (registry+https://github.com/rust-lang/crates.io-index)",
 "pin-project-lite 0.1.7 (registry+https://github.com/rust-lang/crates.io-index)",
 "pin-utils 0.1.0 (registry+https://github.com/rust-lang/crates.io-index)",
 "slab 0.4.2 (registry+https://github.com/rust-lang/crates.io-index)",
 "smol 0.1.18 (registry+https://github.com/rust-lang/crates.io-index)",
 "wasm-bindgen-futures 0.4.17 (registry+https://github.com/rust-lang/crates.io-index)",
]

[[package]]
name = "async-task"
version = "3.0.0"
source = "registry+https://github.com/rust-lang/crates.io-index"

[[package]]
name = "atomic-waker"
version = "1.0.0"
source = "registry+https://github.com/rust-lang/crates.io-index"

[[package]]
name = "autocfg"
version = "1.0.0"
source = "registry+https://github.com/rust-lang/crates.io-index"

[[package]]
name = "blocking"
version = "0.4.7"
source = "registry+https://github.com/rust-lang/crates.io-index"
dependencies = [
 "async-channel 1.4.0 (registry+https://github.com/rust-lang/crates.io-index)",
 "atomic-waker 1.0.0 (registry+https://github.com/rust-lang/crates.io-index)",
 "futures-lite 0.1.10 (registry+https://github.com/rust-lang/crates.io-index)",
 "once_cell 1.4.0 (registry+https://github.com/rust-lang/crates.io-index)",
 "parking 1.0.6 (registry+https://github.com/rust-lang/crates.io-index)",
 "waker-fn 1.0.0 (registry+https://github.com/rust-lang/crates.io-index)",
]

[[package]]
name = "bumpalo"
version = "3.4.0"
source = "registry+https://github.com/rust-lang/crates.io-index"

[[package]]
name = "cache-padded"
version = "1.1.1"
source = "registry+https://github.com/rust-lang/crates.io-index"

[[package]]
name = "cc"
version = "1.0.58"
source = "registry+https://github.com/rust-lang/crates.io-index"

[[package]]
name = "cfg-if"
version = "0.1.10"
source = "registry+https://github.com/rust-lang/crates.io-index"

[[package]]
name = "concurrent-queue"
version = "1.2.0"
source = "registry+https://github.com/rust-lang/crates.io-index"
dependencies = [
 "cache-padded 1.1.1 (registry+https://github.com/rust-lang/crates.io-index)",
]

[[package]]
name = "crossbeam-utils"
version = "0.7.2"
source = "registry+https://github.com/rust-lang/crates.io-index"
dependencies = [
 "autocfg 1.0.0 (registry+https://github.com/rust-lang/crates.io-index)",
 "cfg-if 0.1.10 (registry+https://github.com/rust-lang/crates.io-index)",
 "lazy_static 1.4.0 (registry+https://github.com/rust-lang/crates.io-index)",
]

[[package]]
name = "event-listener"
version = "2.3.0"
source = "registry+https://github.com/rust-lang/crates.io-index"

[[package]]
name = "fastrand"
version = "1.3.3"
source = "registry+https://github.com/rust-lang/crates.io-index"

[[package]]
name = "futures-channel"
version = "0.3.5"
source = "registry+https://github.com/rust-lang/crates.io-index"
dependencies = [
 "futures-core 0.3.5 (registry+https://github.com/rust-lang/crates.io-index)",
]

[[package]]
name = "futures-core"
version = "0.3.5"
source = "registry+https://github.com/rust-lang/crates.io-index"

[[package]]
name = "futures-io"
version = "0.3.5"
source = "registry+https://github.com/rust-lang/crates.io-index"

[[package]]
name = "futures-lite"
version = "0.1.10"
source = "registry+https://github.com/rust-lang/crates.io-index"
dependencies = [
 "fastrand 1.3.3 (registry+https://github.com/rust-lang/crates.io-index)",
 "futures-core 0.3.5 (registry+https://github.com/rust-lang/crates.io-index)",
 "futures-io 0.3.5 (registry+https://github.com/rust-lang/crates.io-index)",
 "memchr 2.3.3 (registry+https://github.com/rust-lang/crates.io-index)",
 "parking 1.0.6 (registry+https://github.com/rust-lang/crates.io-index)",
 "pin-project-lite 0.1.7 (registry+https://github.com/rust-lang/crates.io-index)",
 "waker-fn 1.0.0 (registry+https://github.com/rust-lang/crates.io-index)",
]

[[package]]
name = "futures-task"
version = "0.3.5"
source = "registry+https://github.com/rust-lang/crates.io-index"
dependencies = [
 "once_cell 1.4.0 (registry+https://github.com/rust-lang/crates.io-index)",
]

[[package]]
name = "futures-util"
version = "0.3.5"
source = "registry+https://github.com/rust-lang/crates.io-index"
dependencies = [
 "futures-core 0.3.5 (registry+https://github.com/rust-lang/crates.io-index)",
 "futures-io 0.3.5 (registry+https://github.com/rust-lang/crates.io-index)",
 "futures-task 0.3.5 (registry+https://github.com/rust-lang/crates.io-index)",
 "memchr 2.3.3 (registry+https://github.com/rust-lang/crates.io-index)",
 "pin-project 0.4.23 (registry+https://github.com/rust-lang/crates.io-index)",
 "pin-utils 0.1.0 (registry+https://github.com/rust-lang/crates.io-index)",
 "slab 0.4.2 (registry+https://github.com/rust-lang/crates.io-index)",
]

[[package]]
name = "hermit-abi"
version = "0.1.15"
source = "registry+https://github.com/rust-lang/crates.io-index"
dependencies = [
 "libc 0.2.74 (registry+https://github.com/rust-lang/crates.io-index)",
]

[[package]]
name = "js-sys"
version = "0.3.44"
source = "registry+https://github.com/rust-lang/crates.io-index"
dependencies = [
 "wasm-bindgen 0.2.67 (registry+https://github.com/rust-lang/crates.io-index)",
]

[[package]]
name = "kv-log-macro"
version = "1.0.7"
source = "registry+https://github.com/rust-lang/crates.io-index"
dependencies = [
 "log 0.4.11 (registry+https://github.com/rust-lang/crates.io-index)",
]

[[package]]
name = "lazy_static"
version = "1.4.0"
source = "registry+https://github.com/rust-lang/crates.io-index"

[[package]]
name = "libc"
version = "0.2.74"
source = "registry+https://github.com/rust-lang/crates.io-index"

[[package]]
name = "log"
version = "0.4.11"
source = "registry+https://github.com/rust-lang/crates.io-index"
dependencies = [
 "cfg-if 0.1.10 (registry+https://github.com/rust-lang/crates.io-index)",
]

[[package]]
name = "mailbox"
version = "0.1.0"
dependencies = [
 "async-std 1.6.2 (registry+https://github.com/rust-lang/crates.io-index)",
 "redisish 0.1.0",
 "tracing 0.1.18 (registry+https://github.com/rust-lang/crates.io-index)",
]

[[package]]
name = "memchr"
version = "2.3.3"
source = "registry+https://github.com/rust-lang/crates.io-index"

[[package]]
name = "num_cpus"
version = "1.13.0"
source = "registry+https://github.com/rust-lang/crates.io-index"
dependencies = [
 "hermit-abi 0.1.15 (registry+https://github.com/rust-lang/crates.io-index)",
 "libc 0.2.74 (registry+https://github.com/rust-lang/crates.io-index)",
]

[[package]]
name = "once_cell"
version = "1.4.0"
source = "registry+https://github.com/rust-lang/crates.io-index"

[[package]]
name = "parking"
version = "1.0.6"
source = "registry+https://github.com/rust-lang/crates.io-index"

[[package]]
name = "pin-project"
version = "0.4.23"
source = "registry+https://github.com/rust-lang/crates.io-index"
dependencies = [
 "pin-project-internal 0.4.23 (registry+https://github.com/rust-lang/crates.io-index)",
]

[[package]]
name = "pin-project-internal"
version = "0.4.23"
source = "registry+https://github.com/rust-lang/crates.io-index"
dependencies = [
 "proc-macro2 1.0.19 (registry+https://github.com/rust-lang/crates.io-index)",
 "quote 1.0.7 (registry+https://github.com/rust-lang/crates.io-index)",
 "syn 1.0.36 (registry+https://github.com/rust-lang/crates.io-index)",
]

[[package]]
name = "pin-project-lite"
version = "0.1.7"
source = "registry+https://github.com/rust-lang/crates.io-index"

[[package]]
name = "pin-utils"
version = "0.1.0"
source = "registry+https://github.com/rust-lang/crates.io-index"

[[package]]
name = "proc-macro2"
version = "1.0.19"
source = "registry+https://github.com/rust-lang/crates.io-index"
dependencies = [
 "unicode-xid 0.2.1 (registry+https://github.com/rust-lang/crates.io-index)",
]

[[package]]
name = "quote"
version = "1.0.7"
source = "registry+https://github.com/rust-lang/crates.io-index"
dependencies = [
 "proc-macro2 1.0.19 (registry+https://github.com/rust-lang/crates.io-index)",
]

[[package]]
name = "redisish"
version = "0.1.0"

[[package]]
name = "redox_syscall"
version = "0.1.57"
source = "registry+https://github.com/rust-lang/crates.io-index"

[[package]]
name = "scoped-tls"
version = "1.0.0"
source = "registry+https://github.com/rust-lang/crates.io-index"

[[package]]
name = "slab"
version = "0.4.2"
source = "registry+https://github.com/rust-lang/crates.io-index"

[[package]]
name = "smol"
version = "0.1.18"
source = "registry+https://github.com/rust-lang/crates.io-index"
dependencies = [
 "async-task 3.0.0 (registry+https://github.com/rust-lang/crates.io-index)",
 "blocking 0.4.7 (registry+https://github.com/rust-lang/crates.io-index)",
 "concurrent-queue 1.2.0 (registry+https://github.com/rust-lang/crates.io-index)",
 "fastrand 1.3.3 (registry+https://github.com/rust-lang/crates.io-index)",
 "futures-io 0.3.5 (registry+https://github.com/rust-lang/crates.io-index)",
 "futures-util 0.3.5 (registry+https://github.com/rust-lang/crates.io-index)",
 "libc 0.2.74 (registry+https://github.com/rust-lang/crates.io-index)",
 "once_cell 1.4.0 (registry+https://github.com/rust-lang/crates.io-index)",
 "scoped-tls 1.0.0 (registry+https://github.com/rust-lang/crates.io-index)",
 "slab 0.4.2 (registry+https://github.com/rust-lang/crates.io-index)",
 "socket2 0.3.12 (registry+https://github.com/rust-lang/crates.io-index)",
 "wepoll-sys-stjepang 1.0.6 (registry+https://github.com/rust-lang/crates.io-index)",
 "winapi 0.3.9 (registry+https://github.com/rust-lang/crates.io-index)",
]

[[package]]
name = "socket2"
version = "0.3.12"
source = "registry+https://github.com/rust-lang/crates.io-index"
dependencies = [
 "cfg-if 0.1.10 (registry+https://github.com/rust-lang/crates.io-index)",
 "libc 0.2.74 (registry+https://github.com/rust-lang/crates.io-index)",
 "redox_syscall 0.1.57 (registry+https://github.com/rust-lang/crates.io-index)",
 "winapi 0.3.9 (registry+https://github.com/rust-lang/crates.io-index)",
]

[[package]]
name = "syn"
version = "1.0.36"
source = "registry+https://github.com/rust-lang/crates.io-index"
dependencies = [
 "proc-macro2 1.0.19 (registry+https://github.com/rust-lang/crates.io-index)",
 "quote 1.0.7 (registry+https://github.com/rust-lang/crates.io-index)",
 "unicode-xid 0.2.1 (registry+https://github.com/rust-lang/crates.io-index)",
]

[[package]]
name = "tracing"
version = "0.1.18"
source = "registry+https://github.com/rust-lang/crates.io-index"
dependencies = [
 "cfg-if 0.1.10 (registry+https://github.com/rust-lang/crates.io-index)",
 "tracing-attributes 0.1.9 (registry+https://github.com/rust-lang/crates.io-index)",
 "tracing-core 0.1.12 (registry+https://github.com/rust-lang/crates.io-index)",
]

[[package]]
name = "tracing-attributes"
version = "0.1.9"
source = "registry+https://github.com/rust-lang/crates.io-index"
dependencies = [
 "proc-macro2 1.0.19 (registry+https://github.com/rust-lang/crates.io-index)",
 "quote 1.0.7 (registry+https://github.com/rust-lang/crates.io-index)",
 "syn 1.0.36 (registry+https://github.com/rust-lang/crates.io-index)",
]

[[package]]
name = "tracing-core"
version = "0.1.12"
source = "registry+https://github.com/rust-lang/crates.io-index"
dependencies = [
 "lazy_static 1.4.0 (registry+https://github.com/rust-lang/crates.io-index)",
]

[[package]]
name = "unicode-xid"
version = "0.2.1"
source = "registry+https://github.com/rust-lang/crates.io-index"

[[package]]
name = "waker-fn"
version = "1.0.0"
source = "registry+https://github.com/rust-lang/crates.io-index"

[[package]]
name = "wasm-bindgen"
version = "0.2.67"
source = "registry+https://github.com/rust-lang/crates.io-index"
dependencies = [
 "cfg-if 0.1.10 (registry+https://github.com/rust-lang/crates.io-index)",
 "wasm-bindgen-macro 0.2.67 (registry+https://github.com/rust-lang/crates.io-index)",
]

[[package]]
name = "wasm-bindgen-backend"
version = "0.2.67"
source = "registry+https://github.com/rust-lang/crates.io-index"
dependencies = [
 "bumpalo 3.4.0 (registry+https://github.com/rust-lang/crates.io-index)",
 "lazy_static 1.4.0 (registry+https://github.com/rust-lang/crates.io-index)",
 "log 0.4.11 (registry+https://github.com/rust-lang/crates.io-index)",
 "proc-macro2 1.0.19 (registry+https://github.com/rust-lang/crates.io-index)",
 "quote 1.0.7 (registry+https://github.com/rust-lang/crates.io-index)",
 "syn 1.0.36 (registry+https://github.com/rust-lang/crates.io-index)",
 "wasm-bindgen-shared 0.2.67 (registry+https://github.com/rust-lang/crates.io-index)",
]

[[package]]
name = "wasm-bindgen-futures"
version = "0.4.17"
source = "registry+https://github.com/rust-lang/crates.io-index"
dependencies = [
 "cfg-if 0.1.10 (registry+https://github.com/rust-lang/crates.io-index)",
 "js-sys 0.3.44 (registry+https://github.com/rust-lang/crates.io-index)",
 "wasm-bindgen 0.2.67 (registry+https://github.com/rust-lang/crates.io-index)",
 "web-sys 0.3.44 (registry+https://github.com/rust-lang/crates.io-index)",
]

[[package]]
name = "wasm-bindgen-macro"
version = "0.2.67"
source = "registry+https://github.com/rust-lang/crates.io-index"
dependencies = [
 "quote 1.0.7 (registry+https://github.com/rust-lang/crates.io-index)",
 "wasm-bindgen-macro-support 0.2.67 (registry+https://github.com/rust-lang/crates.io-index)",
]

[[package]]
name = "wasm-bindgen-macro-support"
version = "0.2.67"
source = "registry+https://github.com/rust-lang/crates.io-index"
dependencies = [
 "proc-macro2 1.0.19 (registry+https://github.com/rust-lang/crates.io-index)",
 "quote 1.0.7 (registry+https://github.com/rust-lang/crates.io-index)",
 "syn 1.0.36 (registry+https://github.com/rust-lang/crates.io-index)",
 "wasm-bindgen-backend 0.2.67 (registry+https://github.com/rust-lang/crates.io-index)",
 "wasm-bindgen-shared 0.2.67 (registry+https://github.com/rust-lang/crates.io-index)",
]

[[package]]
name = "wasm-bindgen-shared"
version = "0.2.67"
source = "registry+https://github.com/rust-lang/crates.io-index"

[[package]]
name = "web-sys"
version = "0.3.44"
source = "registry+https://github.com/rust-lang/crates.io-index"
dependencies = [
 "js-sys 0.3.44 (registry+https://github.com/rust-lang/crates.io-index)",
 "wasm-bindgen 0.2.67 (registry+https://github.com/rust-lang/crates.io-index)",
]

[[package]]
name = "wepoll-sys-stjepang"
version = "1.0.6"
source = "registry+https://github.com/rust-lang/crates.io-index"
dependencies = [
 "cc 1.0.58 (registry+https://github.com/rust-lang/crates.io-index)",
]

[[package]]
name = "winapi"
version = "0.3.9"
source = "registry+https://github.com/rust-lang/crates.io-index"
dependencies = [
 "winapi-i686-pc-windows-gnu 0.4.0 (registry+https://github.com/rust-lang/crates.io-index)",
 "winapi-x86_64-pc-windows-gnu 0.4.0 (registry+https://github.com/rust-lang/crates.io-index)",
]

[[package]]
name = "winapi-i686-pc-windows-gnu"
version = "0.4.0"
source = "registry+https://github.com/rust-lang/crates.io-index"

[[package]]
name = "winapi-x86_64-pc-windows-gnu"
version = "0.4.0"
source = "registry+https://github.com/rust-lang/crates.io-index"

[metadata]
"checksum async-channel 1.4.0 (registry+https://github.com/rust-lang/crates.io-index)" = "43de69555a39d52918e2bc33a408d3c0a86c829b212d898f4ca25d21a6387478"
"checksum async-std 1.6.2 (registry+https://github.com/rust-lang/crates.io-index)" = "00d68a33ebc8b57800847d00787307f84a562224a14db069b0acefe4c2abbf5d"
"checksum async-task 3.0.0 (registry+https://github.com/rust-lang/crates.io-index)" = "c17772156ef2829aadc587461c7753af20b7e8db1529bc66855add962a3b35d3"
"checksum atomic-waker 1.0.0 (registry+https://github.com/rust-lang/crates.io-index)" = "065374052e7df7ee4047b1160cca5e1467a12351a40b3da123c870ba0b8eda2a"
"checksum autocfg 1.0.0 (registry+https://github.com/rust-lang/crates.io-index)" = "f8aac770f1885fd7e387acedd76065302551364496e46b3dd00860b2f8359b9d"
"checksum blocking 0.4.7 (registry+https://github.com/rust-lang/crates.io-index)" = "d2468ff7bf85066b4a3678fede6fe66db31846d753ff0adfbfab2c6a6e81612b"
"checksum bumpalo 3.4.0 (registry+https://github.com/rust-lang/crates.io-index)" = "2e8c087f005730276d1096a652e92a8bacee2e2472bcc9715a74d2bec38b5820"
"checksum cache-padded 1.1.1 (registry+https://github.com/rust-lang/crates.io-index)" = "631ae5198c9be5e753e5cc215e1bd73c2b466a3565173db433f52bb9d3e66dba"
"checksum cc 1.0.58 (registry+https://github.com/rust-lang/crates.io-index)" = "f9a06fb2e53271d7c279ec1efea6ab691c35a2ae67ec0d91d7acec0caf13b518"
"checksum cfg-if 0.1.10 (registry+https://github.com/rust-lang/crates.io-index)" = "4785bdd1c96b2a846b2bd7cc02e86b6b3dbf14e7e53446c4f54c92a361040822"
"checksum concurrent-queue 1.2.0 (registry+https://github.com/rust-lang/crates.io-index)" = "e296417c8154304ac70aceda41f05318f986f7c0c767bcb0a2366fbb890e78e1"
"checksum crossbeam-utils 0.7.2 (registry+https://github.com/rust-lang/crates.io-index)" = "c3c7c73a2d1e9fc0886a08b93e98eb643461230d5f1925e4036204d5f2e261a8"
"checksum event-listener 2.3.0 (registry+https://github.com/rust-lang/crates.io-index)" = "298f00c3b04c1d9b4cb86aefaaa35348af0957d98b30a5306fc635f8e718923d"
"checksum fastrand 1.3.3 (registry+https://github.com/rust-lang/crates.io-index)" = "36a9cb09840f81cd211e435d00a4e487edd263dc3c8ff815c32dd76ad668ebed"
"checksum futures-channel 0.3.5 (registry+https://github.com/rust-lang/crates.io-index)" = "f366ad74c28cca6ba456d95e6422883cfb4b252a83bed929c83abfdbbf2967d5"
"checksum futures-core 0.3.5 (registry+https://github.com/rust-lang/crates.io-index)" = "59f5fff90fd5d971f936ad674802482ba441b6f09ba5e15fd8b39145582ca399"
"checksum futures-io 0.3.5 (registry+https://github.com/rust-lang/crates.io-index)" = "de27142b013a8e869c14957e6d2edeef89e97c289e69d042ee3a49acd8b51789"
"checksum futures-lite 0.1.10 (registry+https://github.com/rust-lang/crates.io-index)" = "bbe71459749b2e8e66fb95df721b22fa08661ad384a0c5b519e11d3893b4692a"
"checksum futures-task 0.3.5 (registry+https://github.com/rust-lang/crates.io-index)" = "bdb66b5f09e22019b1ab0830f7785bcea8e7a42148683f99214f73f8ec21a626"
"checksum futures-util 0.3.5 (registry+https://github.com/rust-lang/crates.io-index)" = "8764574ff08b701a084482c3c7031349104b07ac897393010494beaa18ce32c6"
"checksum hermit-abi 0.1.15 (registry+https://github.com/rust-lang/crates.io-index)" = "3deed196b6e7f9e44a2ae8d94225d80302d81208b1bb673fd21fe634645c85a9"
"checksum js-sys 0.3.44 (registry+https://github.com/rust-lang/crates.io-index)" = "85a7e2c92a4804dd459b86c339278d0fe87cf93757fae222c3fa3ae75458bc73"
"checksum kv-log-macro 1.0.7 (registry+https://github.com/rust-lang/crates.io-index)" = "0de8b303297635ad57c9f5059fd9cee7a47f8e8daa09df0fcd07dd39fb22977f"
"checksum lazy_static 1.4.0 (registry+https://github.com/rust-lang/crates.io-index)" = "e2abad23fbc42b3700f2f279844dc832adb2b2eb069b2df918f455c4e18cc646"
"checksum libc 0.2.74 (registry+https://github.com/rust-lang/crates.io-index)" = "a2f02823cf78b754822df5f7f268fb59822e7296276d3e069d8e8cb26a14bd10"
"checksum log 0.4.11 (registry+https://github.com/rust-lang/crates.io-index)" = "4fabed175da42fed1fa0746b0ea71f412aa9d35e76e95e59b192c64b9dc2bf8b"
"checksum memchr 2.3.3 (registry+https://github.com/rust-lang/crates.io-index)" = "3728d817d99e5ac407411fa471ff9800a778d88a24685968b36824eaf4bee400"
"checksum num_cpus 1.13.0 (registry+https://github.com/rust-lang/crates.io-index)" = "05499f3756671c15885fee9034446956fff3f243d6077b91e5767df161f766b3"
"checksum once_cell 1.4.0 (registry+https://github.com/rust-lang/crates.io-index)" = "0b631f7e854af39a1739f401cf34a8a013dfe09eac4fa4dba91e9768bd28168d"
"checksum parking 1.0.6 (registry+https://github.com/rust-lang/crates.io-index)" = "6cb300f271742d4a2a66c01b6b2fa0c83dfebd2e0bf11addb879a3547b4ed87c"
"checksum pin-project 0.4.23 (registry+https://github.com/rust-lang/crates.io-index)" = "ca4433fff2ae79342e497d9f8ee990d174071408f28f726d6d83af93e58e48aa"
"checksum pin-project-internal 0.4.23 (registry+https://github.com/rust-lang/crates.io-index)" = "2c0e815c3ee9a031fdf5af21c10aa17c573c9c6a566328d99e3936c34e36461f"
"checksum pin-project-lite 0.1.7 (registry+https://github.com/rust-lang/crates.io-index)" = "282adbf10f2698a7a77f8e983a74b2d18176c19a7fd32a45446139ae7b02b715"
"checksum pin-utils 0.1.0 (registry+https://github.com/rust-lang/crates.io-index)" = "8b870d8c151b6f2fb93e84a13146138f05d02ed11c7e7c54f8826aaaf7c9f184"
"checksum proc-macro2 1.0.19 (registry+https://github.com/rust-lang/crates.io-index)" = "04f5f085b5d71e2188cb8271e5da0161ad52c3f227a661a3c135fdf28e258b12"
"checksum quote 1.0.7 (registry+https://github.com/rust-lang/crates.io-index)" = "aa563d17ecb180e500da1cfd2b028310ac758de548efdd203e18f283af693f37"
"checksum redox_syscall 0.1.57 (registry+https://github.com/rust-lang/crates.io-index)" = "41cc0f7e4d5d4544e8861606a285bb08d3e70712ccc7d2b84d7c0ccfaf4b05ce"
"checksum scoped-tls 1.0.0 (registry+https://github.com/rust-lang/crates.io-index)" = "ea6a9290e3c9cf0f18145ef7ffa62d68ee0bf5fcd651017e586dc7fd5da448c2"
"checksum slab 0.4.2 (registry+https://github.com/rust-lang/crates.io-index)" = "c111b5bd5695e56cffe5129854aa230b39c93a305372fdbb2668ca2394eea9f8"
"checksum smol 0.1.18 (registry+https://github.com/rust-lang/crates.io-index)" = "620cbb3c6e34da57d3a248cda0cd01cd5848164dc062e764e65d06fe3ea7aed5"
"checksum socket2 0.3.12 (registry+https://github.com/rust-lang/crates.io-index)" = "03088793f677dce356f3ccc2edb1b314ad191ab702a5de3faf49304f7e104918"
"checksum syn 1.0.36 (registry+https://github.com/rust-lang/crates.io-index)" = "4cdb98bcb1f9d81d07b536179c269ea15999b5d14ea958196413869445bb5250"
"checksum tracing 0.1.18 (registry+https://github.com/rust-lang/crates.io-index)" = "f0aae59226cf195d8e74d4b34beae1859257efb4e5fed3f147d2dc2c7d372178"
"checksum tracing-attributes 0.1.9 (registry+https://github.com/rust-lang/crates.io-index)" = "f0693bf8d6f2bf22c690fc61a9d21ac69efdbb894a17ed596b9af0f01e64b84b"
"checksum tracing-core 0.1.12 (registry+https://github.com/rust-lang/crates.io-index)" = "b2734b5a028fa697686f16c6d18c2c6a3c7e41513f9a213abb6754c4acb3c8d7"
"checksum unicode-xid 0.2.1 (registry+https://github.com/rust-lang/crates.io-index)" = "f7fe0bb3479651439c9112f72b6c505038574c9fbb575ed1bf3b797fa39dd564"
"checksum waker-fn 1.0.0 (registry+https://github.com/rust-lang/crates.io-index)" = "9571542c2ce85ce642e6b58b3364da2fb53526360dfb7c211add4f5c23105ff7"
"checksum wasm-bindgen 0.2.67 (registry+https://github.com/rust-lang/crates.io-index)" = "f0563a9a4b071746dd5aedbc3a28c6fe9be4586fb3fbadb67c400d4f53c6b16c"
"checksum wasm-bindgen-backend 0.2.67 (registry+https://github.com/rust-lang/crates.io-index)" = "bc71e4c5efa60fb9e74160e89b93353bc24059999c0ae0fb03affc39770310b0"
"checksum wasm-bindgen-futures 0.4.17 (registry+https://github.com/rust-lang/crates.io-index)" = "95f8d235a77f880bcef268d379810ea6c0af2eacfa90b1ad5af731776e0c4699"
"checksum wasm-bindgen-macro 0.2.67 (registry+https://github.com/rust-lang/crates.io-index)" = "97c57cefa5fa80e2ba15641578b44d36e7a64279bc5ed43c6dbaf329457a2ed2"
"checksum wasm-bindgen-macro-support 0.2.67 (registry+https://github.com/rust-lang/crates.io-index)" = "841a6d1c35c6f596ccea1f82504a192a60378f64b3bb0261904ad8f2f5657556"
"checksum wasm-bindgen-shared 0.2.67 (registry+https://github.com/rust-lang/crates.io-index)" = "93b162580e34310e5931c4b792560108b10fd14d64915d7fff8ff00180e70092"
"checksum web-sys 0.3.44 (registry+https://github.com/rust-lang/crates.io-index)" = "dda38f4e5ca63eda02c059d243aa25b5f35ab98451e518c51612cd0f1bd19a47"
"checksum wepoll-sys-stjepang 1.0.6 (registry+https://github.com/rust-lang/crates.io-index)" = "6fd319e971980166b53e17b1026812ad66c6b54063be879eb182342b55284694"
"checksum winapi 0.3.9 (registry+https://github.com/rust-lang/crates.io-index)" = "5c839a674fcd7a98952e593242ea400abe93992746761e38641405d28b00f419"
"checksum winapi-i686-pc-windows-gnu 0.4.0 (registry+https://github.com/rust-lang/crates.io-index)" = "ac3b87c63620426dd9b991e5ce0329eff545bccbbb34f3be09ff6fb6ab51b7b6"
"checksum winapi-x86_64-pc-windows-gnu 0.4.0 (registry+https://github.com/rust-lang/crates.io-index)" = "712e227841d057c1ee1cd2fb22fa7e5a5461ae8e48fa2ca79ec42cfc1931183f"
