# This file is automatically @generated by Cargo.
# It is not intended for manual editing.
version = 3

[[package]]
name = "calc"
version = "0.1.0"

[[package]]
name = "calc-ffi"
version = "0.1.0"
dependencies = [
 "calc",
 "xshell",
]

[[package]]
name = "xshell"
version = "0.1.17"
source = "registry+https://github.com/rust-lang/crates.io-index"
checksum = "eaad2035244c56da05573d4d7fda5f903c60a5f35b9110e157a14a1df45a9f14"
dependencies = [
 "xshell-macros",
]

[[package]]
name = "xshell-macros"
version = "0.1.17"
source = "registry+https://github.com/rust-lang/crates.io-index"
checksum = "4916a4a3cad759e499a3620523bf9545cc162d7a06163727dde97ce9aaa4cf39"
