# This file is automatically @generated by Cargo.
# It is not intended for manual editing.
[[package]]
name = "calc"
version = "0.1.0"

[[package]]
name = "calc-ffi"
version = "0.1.0"
dependencies = [
 "calc",
 "xshell",
]

[[package]]
name = "xshell"
version = "0.1.12"
source = "registry+https://github.com/rust-lang/crates.io-index"
checksum = "4e3f93d5e767c73e5b2604549613ce051d3d2880ec5ae7f346900f6ee4eec6bf"
dependencies = [
 "xshell-macros",
]

[[package]]
name = "xshell-macros"
version = "0.1.12"
source = "registry+https://github.com/rust-lang/crates.io-index"
checksum = "58d215d6837186f9f3d0d2d835545c7bf19142296e9184279ad240f90101af30"
